
Microsoft Visual Studio Solution File, Format Version 12.00
# Visual Studio 2013
VisualStudioVersion = 12.0.30110.0
MinimumVisualStudioVersion = 10.0.40219.1
Project("{FAE04EC0-301F-11D3-BF4B-00C04F79EFBC}") = "CapData", "CapData\CapData.csproj", "{86C031B7-8EC2-4650-90A4-38AB7D3F80B7}"
EndProject
Project("{FAE04EC0-301F-11D3-BF4B-00C04F79EFBC}") = "CapWebPageToImage", "CapWebPageToImage\CapWebPageToImage.csproj", "{76A2951D-88C0-4226-828F-B4BAD6D8E183}"
EndProject
Global
	GlobalSection(SolutionConfigurationPlatforms) = preSolution
		Debug|Any CPU = Debug|Any CPU
		Release|Any CPU = Release|Any CPU
	EndGlobalSection
	GlobalSection(ProjectConfigurationPlatforms) = postSolution
		{86C031B7-8EC2-4650-90A4-38AB7D3F80B7}.Debug|Any CPU.ActiveCfg = Debug|Any CPU
		{86C031B7-8EC2-4650-90A4-38AB7D3F80B7}.Debug|Any CPU.Build.0 = Debug|Any CPU
		{86C031B7-8EC2-4650-90A4-38AB7D3F80B7}.Release|Any CPU.ActiveCfg = Release|Any CPU
		{86C031B7-8EC2-4650-90A4-38AB7D3F80B7}.Release|Any CPU.Build.0 = Release|Any CPU
		{76A2951D-88C0-4226-828F-B4BAD6D8E183}.Debug|Any CPU.ActiveCfg = Debug|Any CPU
		{76A2951D-88C0-4226-828F-B4BAD6D8E183}.Debug|Any CPU.Build.0 = Debug|Any CPU
		{76A2951D-88C0-4226-828F-B4BAD6D8E183}.Release|Any CPU.ActiveCfg = Release|Any CPU
		{76A2951D-88C0-4226-828F-B4BAD6D8E183}.Release|Any CPU.Build.0 = Release|Any CPU
	EndGlobalSection
	GlobalSection(SolutionProperties) = preSolution
		HideSolutionNode = FALSE
	EndGlobalSection
EndGlobal
